
Microsoft Visual Studio Solution File, Format Version 12.00
Project("{FAE04EC0-301F-11D3-BF4B-00C04F79EFBC}") = "SimplePlatformGame", "SimplePlatformGame\SimplePlatformGame.csproj", "{32DC57FB-8C00-4E0E-95D0-F264BA87362A}"
EndProject
Global
	GlobalSection(SolutionConfigurationPlatforms) = preSolution
		Debug|Any CPU = Debug|Any CPU
		Release|Any CPU = Release|Any CPU
	EndGlobalSection
	GlobalSection(ProjectConfigurationPlatforms) = postSolution
		{32DC57FB-8C00-4E0E-95D0-F264BA87362A}.Debug|Any CPU.ActiveCfg = Debug|Any CPU
		{32DC57FB-8C00-4E0E-95D0-F264BA87362A}.Debug|Any CPU.Build.0 = Debug|Any CPU
		{32DC57FB-8C00-4E0E-95D0-F264BA87362A}.Release|Any CPU.ActiveCfg = Release|Any CPU
		{32DC57FB-8C00-4E0E-95D0-F264BA87362A}.Release|Any CPU.Build.0 = Release|Any CPU
	EndGlobalSection
EndGlobal
